
Microsoft Visual Studio Solution File, Format Version 12.00
# Visual Studio Version 16
VisualStudioVersion = 16.0.30114.105
MinimumVisualStudioVersion = 10.0.40219.1
Project("{FAE04EC0-301F-11D3-BF4B-00C04F79EFBC}") = "bypassUAC", "bypassUAC\bypassUAC.csproj", "{C165DC03-35DC-4F85-B812-7001D9F4440C}"
EndProject
Project("{FAE04EC0-301F-11D3-BF4B-00C04F79EFBC}") = "PipeClient", "PipeClient\PipeClient.csproj", "{AB6B90CF-7CCA-4F73-833F-C21ED071344A}"
EndProject
Global
	GlobalSection(SolutionConfigurationPlatforms) = preSolution
		Debug|Any CPU = Debug|Any CPU
		Release|Any CPU = Release|Any CPU
	EndGlobalSection
	GlobalSection(ProjectConfigurationPlatforms) = postSolution
		{C165DC03-35DC-4F85-B812-7001D9F4440C}.Debug|Any CPU.ActiveCfg = Debug|Any CPU
		{C165DC03-35DC-4F85-B812-7001D9F4440C}.Debug|Any CPU.Build.0 = Debug|Any CPU
		{C165DC03-35DC-4F85-B812-7001D9F4440C}.Release|Any CPU.ActiveCfg = Release|Any CPU
		{C165DC03-35DC-4F85-B812-7001D9F4440C}.Release|Any CPU.Build.0 = Release|Any CPU
		{AB6B90CF-7CCA-4F73-833F-C21ED071344A}.Debug|Any CPU.ActiveCfg = Debug|Any CPU
		{AB6B90CF-7CCA-4F73-833F-C21ED071344A}.Debug|Any CPU.Build.0 = Debug|Any CPU
		{AB6B90CF-7CCA-4F73-833F-C21ED071344A}.Release|Any CPU.ActiveCfg = Release|Any CPU
		{AB6B90CF-7CCA-4F73-833F-C21ED071344A}.Release|Any CPU.Build.0 = Release|Any CPU
	EndGlobalSection
	GlobalSection(SolutionProperties) = preSolution
		HideSolutionNode = FALSE
	EndGlobalSection
	GlobalSection(ExtensibilityGlobals) = postSolution
		SolutionGuid = {8F57C9C2-8982-4160-A032-29AF00A39620}
	EndGlobalSection
EndGlobal
